
Microsoft Visual Studio Solution File, Format Version 12.00
# Visual Studio 15
VisualStudioVersion = 15.0.28307.329
MinimumVisualStudioVersion = 10.0.40219.1
Project("{9A19103F-16F7-4668-BE54-9A1E7A4F7556}") = "Codility", "Codility\Codility.csproj", "{79359170-6C5B-4892-BD03-53E9FABD6A48}"
EndProject
Project("{9A19103F-16F7-4668-BE54-9A1E7A4F7556}") = "BinaryGap", "BinaryGap\BinaryGap\BinaryGap.csproj", "{7CBA2819-754F-46DD-88B4-F4C5B46AAB2E}"
EndProject
Project("{9A19103F-16F7-4668-BE54-9A1E7A4F7556}") = "OddOccurrencesInArray", "OddOccurrencesInArray\OddOccurrencesInArray\OddOccurrencesInArray.csproj", "{5046E45B-1F17-4C85-B50D-223BAE776061}"
EndProject
Project("{9A19103F-16F7-4668-BE54-9A1E7A4F7556}") = "CyclicRotation", "CyclicRotation\CyclicRotation\CyclicRotation.csproj", "{5E65A3D5-1080-4B2A-8A0B-BF2ABCCF9D4D}"
EndProject
Project("{9A19103F-16F7-4668-BE54-9A1E7A4F7556}") = "FrogJmp", "FrogJmp\FrogJmp\FrogJmp.csproj", "{B0B4836D-0220-4A7B-8E25-7DC3567818C9}"
EndProject
Project("{9A19103F-16F7-4668-BE54-9A1E7A4F7556}") = "PermMissingEleme", "PermMissingEleme\PermMissingEleme\PermMissingEleme.csproj", "{58B2B256-A68A-4E34-863A-B3485B285CA4}"
EndProject
Project("{FAE04EC0-301F-11D3-BF4B-00C04F79EFBC}") = "TapeEquilibrium", "TapeEquilibrium\TapeEquilibrium.csproj", "{4783602C-0643-44D8-A6E5-9463489B84DA}"
EndProject
Global
	GlobalSection(SolutionConfigurationPlatforms) = preSolution
		Debug|Any CPU = Debug|Any CPU
		Release|Any CPU = Release|Any CPU
	EndGlobalSection
	GlobalSection(ProjectConfigurationPlatforms) = postSolution
		{79359170-6C5B-4892-BD03-53E9FABD6A48}.Debug|Any CPU.ActiveCfg = Debug|Any CPU
		{79359170-6C5B-4892-BD03-53E9FABD6A48}.Debug|Any CPU.Build.0 = Debug|Any CPU
		{79359170-6C5B-4892-BD03-53E9FABD6A48}.Release|Any CPU.ActiveCfg = Release|Any CPU
		{79359170-6C5B-4892-BD03-53E9FABD6A48}.Release|Any CPU.Build.0 = Release|Any CPU
		{7CBA2819-754F-46DD-88B4-F4C5B46AAB2E}.Debug|Any CPU.ActiveCfg = Debug|Any CPU
		{7CBA2819-754F-46DD-88B4-F4C5B46AAB2E}.Debug|Any CPU.Build.0 = Debug|Any CPU
		{7CBA2819-754F-46DD-88B4-F4C5B46AAB2E}.Release|Any CPU.ActiveCfg = Release|Any CPU
		{7CBA2819-754F-46DD-88B4-F4C5B46AAB2E}.Release|Any CPU.Build.0 = Release|Any CPU
		{5046E45B-1F17-4C85-B50D-223BAE776061}.Debug|Any CPU.ActiveCfg = Debug|Any CPU
		{5046E45B-1F17-4C85-B50D-223BAE776061}.Debug|Any CPU.Build.0 = Debug|Any CPU
		{5046E45B-1F17-4C85-B50D-223BAE776061}.Release|Any CPU.ActiveCfg = Release|Any CPU
		{5046E45B-1F17-4C85-B50D-223BAE776061}.Release|Any CPU.Build.0 = Release|Any CPU
		{5E65A3D5-1080-4B2A-8A0B-BF2ABCCF9D4D}.Debug|Any CPU.ActiveCfg = Debug|Any CPU
		{5E65A3D5-1080-4B2A-8A0B-BF2ABCCF9D4D}.Debug|Any CPU.Build.0 = Debug|Any CPU
		{5E65A3D5-1080-4B2A-8A0B-BF2ABCCF9D4D}.Release|Any CPU.ActiveCfg = Release|Any CPU
		{5E65A3D5-1080-4B2A-8A0B-BF2ABCCF9D4D}.Release|Any CPU.Build.0 = Release|Any CPU
		{B0B4836D-0220-4A7B-8E25-7DC3567818C9}.Debug|Any CPU.ActiveCfg = Debug|Any CPU
		{B0B4836D-0220-4A7B-8E25-7DC3567818C9}.Debug|Any CPU.Build.0 = Debug|Any CPU
		{B0B4836D-0220-4A7B-8E25-7DC3567818C9}.Release|Any CPU.ActiveCfg = Release|Any CPU
		{B0B4836D-0220-4A7B-8E25-7DC3567818C9}.Release|Any CPU.Build.0 = Release|Any CPU
		{58B2B256-A68A-4E34-863A-B3485B285CA4}.Debug|Any CPU.ActiveCfg = Debug|Any CPU
		{58B2B256-A68A-4E34-863A-B3485B285CA4}.Debug|Any CPU.Build.0 = Debug|Any CPU
		{58B2B256-A68A-4E34-863A-B3485B285CA4}.Release|Any CPU.ActiveCfg = Release|Any CPU
		{58B2B256-A68A-4E34-863A-B3485B285CA4}.Release|Any CPU.Build.0 = Release|Any CPU
		{4783602C-0643-44D8-A6E5-9463489B84DA}.Debug|Any CPU.ActiveCfg = Debug|Any CPU
		{4783602C-0643-44D8-A6E5-9463489B84DA}.Debug|Any CPU.Build.0 = Debug|Any CPU
		{4783602C-0643-44D8-A6E5-9463489B84DA}.Release|Any CPU.ActiveCfg = Release|Any CPU
		{4783602C-0643-44D8-A6E5-9463489B84DA}.Release|Any CPU.Build.0 = Release|Any CPU
	EndGlobalSection
	GlobalSection(SolutionProperties) = preSolution
		HideSolutionNode = FALSE
	EndGlobalSection
	GlobalSection(ExtensibilityGlobals) = postSolution
		SolutionGuid = {0D4A6471-66EA-4F96-8E08-C294D353A959}
	EndGlobalSection
EndGlobal
